{
    "_readme": [
        "This file locks the dependencies of your project to a known state",
        "Read more about it at https://getcomposer.org/doc/01-basic-usage.md#composer-lock-the-lock-file",
        "This file is @generated automatically"
    ],
    "hash": "7ef95ef86e8e26daf1ae348d2611a9b2",
    "content-hash": "d833cc709357092fb41ea35ab6668623",
    "packages": [
        {
            "name": "doctrine/collections",
            "version": "v1.3.0",
            "source": {
                "type": "git",
                "url": "https://github.com/doctrine/collections.git",
                "reference": "6c1e4eef75f310ea1b3e30945e9f06e652128b8a"
            },
            "dist": {
                "type": "zip",
                "url": "https://api.github.com/repos/doctrine/collections/zipball/6c1e4eef75f310ea1b3e30945e9f06e652128b8a",
                "reference": "6c1e4eef75f310ea1b3e30945e9f06e652128b8a",
                "shasum": ""
            },
            "require": {
                "php": ">=5.3.2"
            },
            "require-dev": {
                "phpunit/phpunit": "~4.0"
            },
            "type": "library",
            "extra": {
                "branch-alias": {
                    "dev-master": "1.2.x-dev"
                }
            },
            "autoload": {
                "psr-0": {
                    "Doctrine\\Common\\Collections\\": "lib/"
                }
            },
            "notification-url": "https://packagist.org/downloads/",
            "license": [
                "MIT"
            ],
            "authors": [
                {
                    "name": "Roman Borschel",
                    "email": "roman@code-factory.org"
                },
                {
                    "name": "Benjamin Eberlei",
                    "email": "kontakt@beberlei.de"
                },
                {
                    "name": "Guilherme Blanco",
                    "email": "guilhermeblanco@gmail.com"
                },
                {
                    "name": "Jonathan Wage",
                    "email": "jonwage@gmail.com"
                },
                {
                    "name": "Johannes Schmitt",
                    "email": "schmittjoh@gmail.com"
                }
            ],
            "description": "Collections Abstraction library",
            "homepage": "http://www.doctrine-project.org",
            "keywords": [
                "array",
                "collections",
                "iterator"
            ],
            "time": "2015-04-14 22:21:58"
        },
        {
            "name": "james-heinrich/getid3",
            "version": "v1.9.12",
            "source": {
                "type": "git",
                "url": "https://github.com/JamesHeinrich/getID3.git",
                "reference": "41c05612d532d30f07680cad3a4a6efbec7fc7f5"
            },
            "dist": {
                "type": "zip",
                "url": "https://api.github.com/repos/JamesHeinrich/getID3/zipball/41c05612d532d30f07680cad3a4a6efbec7fc7f5",
                "reference": "41c05612d532d30f07680cad3a4a6efbec7fc7f5",
                "shasum": ""
            },
            "require": {
                "php": ">=5.3.0"
            },
            "type": "library",
            "autoload": {
                "classmap": [
                    "getid3/getid3.php"
                ]
            },
            "notification-url": "https://packagist.org/downloads/",
            "license": [
                "GPL"
            ],
            "description": "PHP script that extracts useful information from popular multimedia file formats",
            "homepage": "http://www.getid3.org/",
            "keywords": [
                "codecs",
                "php",
                "tags"
            ],
            "time": "2016-03-02 13:13:30"
        },
        {
            "name": "kus/php-image",
            "version": "dev-master",
            "source": {
                "type": "git",
                "url": "https://github.com/Svish/php-image.git",
                "reference": "26516ed3a918971b76be55ba8928cb4592c52287"
            },
            "dist": {
                "type": "zip",
                "url": "https://api.github.com/repos/Svish/php-image/zipball/26516ed3a918971b76be55ba8928cb4592c52287",
                "reference": "26516ed3a918971b76be55ba8928cb4592c52287",
                "shasum": ""
            },
            "require": {
                "php": ">=5.3.0"
            },
            "type": "library",
            "autoload": {
                "files": [
                    "src/PHPImage.php"
                ]
            },
            "license": [
                "MIT"
            ],
            "authors": [
                {
                    "name": "Blake Kus",
                    "email": "blakekus@gmail.com",
                    "homepage": "http://www.blakek.us"
                }
            ],
            "description": "Wrapper for PHP's GD Library for easy image manipulation",
            "homepage": "http://blakek.us",
            "keywords": [
                "gd",
                "image",
                "php",
                "text"
            ],
            "support": {
                "source": "https://github.com/Svish/php-image/tree/master"
            },
            "time": "2016-01-20 06:46:06"
        },
        {
            "name": "leafo/lessphp",
            "version": "v0.5.0",
            "source": {
                "type": "git",
                "url": "https://github.com/leafo/lessphp.git",
                "reference": "0f5a7f5545d2bcf4e9fad9a228c8ad89cc9aa283"
            },
            "dist": {
                "type": "zip",
                "url": "https://api.github.com/repos/leafo/lessphp/zipball/0f5a7f5545d2bcf4e9fad9a228c8ad89cc9aa283",
                "reference": "0f5a7f5545d2bcf4e9fad9a228c8ad89cc9aa283",
                "shasum": ""
            },
            "type": "library",
            "extra": {
                "branch-alias": {
                    "dev-master": "0.4.x-dev"
                }
            },
            "autoload": {
                "classmap": [
                    "lessc.inc.php"
                ]
            },
            "notification-url": "https://packagist.org/downloads/",
            "license": [
                "MIT",
                "GPL-3.0"
            ],
            "authors": [
                {
                    "name": "Leaf Corcoran",
                    "email": "leafot@gmail.com",
                    "homepage": "http://leafo.net"
                }
            ],
            "description": "lessphp is a compiler for LESS written in PHP.",
            "homepage": "http://leafo.net/lessphp/",
            "time": "2014-11-24 18:39:20"
        },
        {
            "name": "league/commonmark",
            "version": "0.13.4",
            "source": {
                "type": "git",
                "url": "https://github.com/thephpleague/commonmark.git",
                "reference": "83f8210427fb01f671e272bb8d44b4ed3a94d459"
            },
            "dist": {
                "type": "zip",
                "url": "https://api.github.com/repos/thephpleague/commonmark/zipball/83f8210427fb01f671e272bb8d44b4ed3a94d459",
                "reference": "83f8210427fb01f671e272bb8d44b4ed3a94d459",
                "shasum": ""
            },
            "require": {
                "ext-mbstring": "*",
                "php": ">=5.4.8"
            },
            "replace": {
                "colinodell/commonmark-php": "*"
            },
            "require-dev": {
                "cebe/markdown": "~1.0",
                "erusev/parsedown": "~1.0",
                "jgm/commonmark": "0.25",
                "michelf/php-markdown": "~1.4",
                "mikehaertl/php-shellcommand": "~1.2.0",
                "phpunit/phpunit": "~4.3|~5.0",
                "scrutinizer/ocular": "~1.1",
                "symfony/finder": "~2.3|~3.0"
            },
            "suggest": {
                "league/commonmark-extras": "Library of useful extensions including smart punctuation"
            },
            "bin": [
                "bin/commonmark"
            ],
            "type": "library",
            "extra": {
                "branch-alias": {
                    "dev-master": "0.14-dev"
                }
            },
            "autoload": {
                "psr-4": {
                    "League\\CommonMark\\": "src/"
                }
            },
            "notification-url": "https://packagist.org/downloads/",
            "license": [
                "BSD-3-Clause"
            ],
            "authors": [
                {
                    "name": "Colin O'Dell",
                    "email": "colinodell@gmail.com",
                    "homepage": "https://www.colinodell.com",
                    "role": "Lead Developer"
                }
            ],
            "description": "Markdown parser for PHP based on the CommonMark spec",
            "homepage": "https://github.com/thephpleague/commonmark",
            "keywords": [
                "commonmark",
                "markdown",
                "parser"
            ],
            "time": "2016-06-14 14:49:29"
        },
        {
            "name": "mustache/mustache",
            "version": "v2.11.1",
            "source": {
                "type": "git",
                "url": "https://github.com/bobthecow/mustache.php.git",
                "reference": "a3f6d55996dd28b58f3a909d474189a3c1aa693f"
            },
            "dist": {
                "type": "zip",
                "url": "https://api.github.com/repos/bobthecow/mustache.php/zipball/a3f6d55996dd28b58f3a909d474189a3c1aa693f",
                "reference": "a3f6d55996dd28b58f3a909d474189a3c1aa693f",
                "shasum": ""
            },
            "require": {
                "php": ">=5.2.4"
            },
            "require-dev": {
                "friendsofphp/php-cs-fixer": "~1.11",
                "phpunit/phpunit": "~3.7|~4.0|~5.0"
            },
            "type": "library",
            "autoload": {
                "psr-0": {
                    "Mustache": "src/"
                }
            },
            "notification-url": "https://packagist.org/downloads/",
            "license": [
                "MIT"
            ],
            "authors": [
                {
                    "name": "Justin Hileman",
                    "email": "justin@justinhileman.info",
                    "homepage": "http://justinhileman.com"
                }
            ],
            "description": "A Mustache implementation in PHP.",
            "homepage": "https://github.com/bobthecow/mustache.php",
            "keywords": [
                "mustache",
                "templating"
            ],
            "time": "2016-07-31 06:18:27"
        },
        {
            "name": "simshaun/recurr",
            "version": "v0.6.4",
            "source": {
                "type": "git",
                "url": "https://github.com/simshaun/recurr.git",
                "reference": "b51c6308a2372f4ab069f2c37c034a1ac83e3e88"
            },
            "dist": {
                "type": "zip",
                "url": "https://api.github.com/repos/simshaun/recurr/zipball/b51c6308a2372f4ab069f2c37c034a1ac83e3e88",
                "reference": "b51c6308a2372f4ab069f2c37c034a1ac83e3e88",
                "shasum": ""
            },
            "require": {
                "doctrine/collections": "~1.3",
                "php": ">=5.3.0"
            },
            "require-dev": {
                "phpunit/phpunit": "~4.5"
            },
            "type": "library",
            "extra": {
                "branch-alias": {
                    "dev-master": "0.x-dev"
                }
            },
            "autoload": {
                "psr-0": {
                    "Recurr": "src/"
                }
            },
            "notification-url": "https://packagist.org/downloads/",
            "license": [
                "MIT"
            ],
            "authors": [
                {
                    "name": "Shaun Simmons",
                    "email": "shaun@envysphere.com",
                    "homepage": "http://envysphere.com"
                }
            ],
            "description": "PHP library for working with recurrence rules",
            "homepage": "https://github.com/simshaun/recurr",
            "keywords": [
                "dates",
                "events",
                "recurrence",
                "recurring",
                "rrule"
            ],
            "time": "2016-08-11 19:48:47"
        },
        {
            "name": "swiftmailer/swiftmailer",
            "version": "v5.4.3",
            "source": {
                "type": "git",
                "url": "https://github.com/swiftmailer/swiftmailer.git",
                "reference": "4cc92842069c2bbc1f28daaaf1d2576ec4dfe153"
            },
            "dist": {
                "type": "zip",
                "url": "https://api.github.com/repos/swiftmailer/swiftmailer/zipball/4cc92842069c2bbc1f28daaaf1d2576ec4dfe153",
                "reference": "4cc92842069c2bbc1f28daaaf1d2576ec4dfe153",
                "shasum": ""
            },
            "require": {
                "php": ">=5.3.3"
            },
            "require-dev": {
                "mockery/mockery": "~0.9.1"
            },
            "type": "library",
            "extra": {
                "branch-alias": {
                    "dev-master": "5.4-dev"
                }
            },
            "autoload": {
                "files": [
                    "lib/swift_required.php"
                ]
            },
            "notification-url": "https://packagist.org/downloads/",
            "license": [
                "MIT"
            ],
            "authors": [
                {
                    "name": "Chris Corbyn"
                },
                {
                    "name": "Fabien Potencier",
                    "email": "fabien@symfony.com"
                }
            ],
            "description": "Swiftmailer, free feature-rich PHP mailer",
            "homepage": "http://swiftmailer.org",
            "keywords": [
                "email",
                "mail",
                "mailer"
            ],
            "time": "2016-07-08 11:51:25"
        },
        {
            "name": "webuni/commonmark-attributes-extension",
            "version": "0.3.2",
            "source": {
                "type": "git",
                "url": "https://github.com/webuni/commonmark-attributes-extension.git",
                "reference": "c4ca74cf86889b3e64305684234c33b6cb6733f6"
            },
            "dist": {
                "type": "zip",
                "url": "https://api.github.com/repos/webuni/commonmark-attributes-extension/zipball/c4ca74cf86889b3e64305684234c33b6cb6733f6",
                "reference": "c4ca74cf86889b3e64305684234c33b6cb6733f6",
                "shasum": ""
            },
            "require": {
                "league/commonmark": "^0.11|^0.12|^0.13",
                "php": ">=5.4"
            },
            "require-dev": {
                "fabpot/php-cs-fixer": "^1.9",
                "phpunit/phpunit": "^4.3",
                "symfony/var-dumper": "^2.7",
                "webuni/commonmark-table-extension": "0.4.3"
            },
            "type": "library",
            "extra": {
                "branch-alias": {
                    "dev-master": "0.3-dev"
                }
            },
            "autoload": {
                "psr-4": {
                    "Webuni\\CommonMark\\AttributesExtension\\": "src"
                }
            },
            "notification-url": "https://packagist.org/downloads/",
            "license": [
                "MIT"
            ],
            "authors": [
                {
                    "name": "Martin Hasoň",
                    "email": "martin.hason@gmail.com",
                    "role": "Lead Developer"
                }
            ],
            "description": "The attributes extension adds a syntax to define attributes on the various HTML elements in CommonMark PHP implementation.",
            "homepage": "https://github.com/webuni/commonmark-attributes-extension",
            "keywords": [
                "attributes",
                "commonmark",
                "markdown"
            ],
            "time": "2016-01-14 23:00:32"
        },
        {
            "name": "webuni/commonmark-table-extension",
            "version": "0.4.3",
            "source": {
                "type": "git",
                "url": "https://github.com/webuni/commonmark-table-extension.git",
                "reference": "c4e70a3705f562cc08e0b6f80803dcfd0fa57173"
            },
            "dist": {
                "type": "zip",
                "url": "https://api.github.com/repos/webuni/commonmark-table-extension/zipball/c4e70a3705f562cc08e0b6f80803dcfd0fa57173",
                "reference": "c4e70a3705f562cc08e0b6f80803dcfd0fa57173",
                "shasum": ""
            },
            "require": {
                "league/commonmark": "^0.11|^0.12|^0.13",
                "php": ">=5.4"
            },
            "require-dev": {
                "fabpot/php-cs-fixer": "^1.9",
                "phpunit/phpunit": "^4.3",
                "symfony/var-dumper": "^2.7"
            },
            "type": "library",
            "extra": {
                "branch-alias": {
                    "dev-master": "0.4-dev"
                }
            },
            "autoload": {
                "psr-4": {
                    "Webuni\\CommonMark\\TableExtension\\": "src"
                }
            },
            "notification-url": "https://packagist.org/downloads/",
            "license": [
                "MIT"
            ],
            "authors": [
                {
                    "name": "Martin Hasoň",
                    "email": "martin.hason@gmail.com",
                    "role": "Lead Developer"
                }
            ],
            "description": "The table extension for CommonMark PHP implementation",
            "homepage": "https://github.com/webuni/commonmark-table-extension",
            "keywords": [
                "commonmark",
                "markdown",
                "table"
            ],
            "time": "2016-01-14 22:54:18"
        }
    ],
    "packages-dev": [],
    "aliases": [],
    "minimum-stability": "stable",
    "stability-flags": {
        "kus/php-image": 20
    },
    "prefer-stable": false,
    "prefer-lowest": false,
    "platform": {
        "php": ">=5.5.12"
    },
    "platform-dev": []
}
